
Microsoft Visual Studio Solution File, Format Version 12.00
# Visual Studio 15
VisualStudioVersion = 15.0.27130.2010
MinimumVisualStudioVersion = 10.0.40219.1
Project("{FAE04EC0-301F-11D3-BF4B-00C04F79EFBC}") = "Core", "Core\Core.csproj", "{F2455E23-14CC-4B8B-B00A-F561E4C1C962}"
EndProject
Project("{FAE04EC0-301F-11D3-BF4B-00C04F79EFBC}") = "Console", "Console\Console.csproj", "{ACF13B43-6809-476D-B86F-F2188CB22F64}"
EndProject
Project("{FAE04EC0-301F-11D3-BF4B-00C04F79EFBC}") = "WinFormUI", "WinFormUI\WinFormUI.csproj", "{CAC28678-ED17-4B88-8469-2092C359BABD}"
EndProject
Global
	GlobalSection(SolutionConfigurationPlatforms) = preSolution
		Debug|Any CPU = Debug|Any CPU
		Release|Any CPU = Release|Any CPU
	EndGlobalSection
	GlobalSection(ProjectConfigurationPlatforms) = postSolution
		{F2455E23-14CC-4B8B-B00A-F561E4C1C962}.Debug|Any CPU.ActiveCfg = Debug|Any CPU
		{F2455E23-14CC-4B8B-B00A-F561E4C1C962}.Debug|Any CPU.Build.0 = Debug|Any CPU
		{F2455E23-14CC-4B8B-B00A-F561E4C1C962}.Release|Any CPU.ActiveCfg = Release|Any CPU
		{F2455E23-14CC-4B8B-B00A-F561E4C1C962}.Release|Any CPU.Build.0 = Release|Any CPU
		{ACF13B43-6809-476D-B86F-F2188CB22F64}.Debug|Any CPU.ActiveCfg = Debug|Any CPU
		{ACF13B43-6809-476D-B86F-F2188CB22F64}.Debug|Any CPU.Build.0 = Debug|Any CPU
		{ACF13B43-6809-476D-B86F-F2188CB22F64}.Release|Any CPU.ActiveCfg = Release|Any CPU
		{ACF13B43-6809-476D-B86F-F2188CB22F64}.Release|Any CPU.Build.0 = Release|Any CPU
		{CAC28678-ED17-4B88-8469-2092C359BABD}.Debug|Any CPU.ActiveCfg = Debug|Any CPU
		{CAC28678-ED17-4B88-8469-2092C359BABD}.Debug|Any CPU.Build.0 = Debug|Any CPU
		{CAC28678-ED17-4B88-8469-2092C359BABD}.Release|Any CPU.ActiveCfg = Release|Any CPU
		{CAC28678-ED17-4B88-8469-2092C359BABD}.Release|Any CPU.Build.0 = Release|Any CPU
	EndGlobalSection
	GlobalSection(SolutionProperties) = preSolution
		HideSolutionNode = FALSE
	EndGlobalSection
	GlobalSection(ExtensibilityGlobals) = postSolution
		SolutionGuid = {48242BBA-BFE7-4EA6-B1A6-C1D92D1934E6}
	EndGlobalSection
EndGlobal
